
Microsoft Visual Studio Solution File, Format Version 12.00
# Visual Studio Version 16
VisualStudioVersion = 16.0.30611.23
MinimumVisualStudioVersion = 10.0.40219.1
Project("{9A19103F-16F7-4668-BE54-9A1E7A4F7556}") = "LnuCampaignWebApp", "LnuCampaignWebApp\LnuCampaignWebApp.csproj", "{CBF198F9-A01C-42BA-8860-10D8ED534F56}"
EndProject
Project("{9A19103F-16F7-4668-BE54-9A1E7A4F7556}") = "LnuCampaignDAL", "LnuCampaignDAL\LnuCampaignDAL.csproj", "{239AB760-D9C0-49CA-AD76-AD0436E3ED5B}"
EndProject
Project("{9A19103F-16F7-4668-BE54-9A1E7A4F7556}") = "LnuCampaignBLL", "LnuCampaignBLL\LnuCampaignBLL.csproj", "{CD2BCB7E-1A93-46A9-9BF8-87D52E5E915B}"
EndProject
Project("{FAE04EC0-301F-11D3-BF4B-00C04F79EFBC}") = "LnuCampaignTests", "LnuCampaignTests\LnuCampaignTests.csproj", "{3F247BB6-8999-43EA-8136-E69032A206D3}"
EndProject
Global
	GlobalSection(SolutionConfigurationPlatforms) = preSolution
		Debug|Any CPU = Debug|Any CPU
		Release|Any CPU = Release|Any CPU
	EndGlobalSection
	GlobalSection(ProjectConfigurationPlatforms) = postSolution
		{CBF198F9-A01C-42BA-8860-10D8ED534F56}.Debug|Any CPU.ActiveCfg = Debug|Any CPU
		{CBF198F9-A01C-42BA-8860-10D8ED534F56}.Debug|Any CPU.Build.0 = Debug|Any CPU
		{CBF198F9-A01C-42BA-8860-10D8ED534F56}.Release|Any CPU.ActiveCfg = Release|Any CPU
		{CBF198F9-A01C-42BA-8860-10D8ED534F56}.Release|Any CPU.Build.0 = Release|Any CPU
		{239AB760-D9C0-49CA-AD76-AD0436E3ED5B}.Debug|Any CPU.ActiveCfg = Debug|Any CPU
		{239AB760-D9C0-49CA-AD76-AD0436E3ED5B}.Debug|Any CPU.Build.0 = Debug|Any CPU
		{239AB760-D9C0-49CA-AD76-AD0436E3ED5B}.Release|Any CPU.ActiveCfg = Release|Any CPU
		{239AB760-D9C0-49CA-AD76-AD0436E3ED5B}.Release|Any CPU.Build.0 = Release|Any CPU
		{CD2BCB7E-1A93-46A9-9BF8-87D52E5E915B}.Debug|Any CPU.ActiveCfg = Debug|Any CPU
		{CD2BCB7E-1A93-46A9-9BF8-87D52E5E915B}.Debug|Any CPU.Build.0 = Debug|Any CPU
		{CD2BCB7E-1A93-46A9-9BF8-87D52E5E915B}.Release|Any CPU.ActiveCfg = Release|Any CPU
		{CD2BCB7E-1A93-46A9-9BF8-87D52E5E915B}.Release|Any CPU.Build.0 = Release|Any CPU
		{3F247BB6-8999-43EA-8136-E69032A206D3}.Debug|Any CPU.ActiveCfg = Debug|Any CPU
		{3F247BB6-8999-43EA-8136-E69032A206D3}.Debug|Any CPU.Build.0 = Debug|Any CPU
		{3F247BB6-8999-43EA-8136-E69032A206D3}.Release|Any CPU.ActiveCfg = Release|Any CPU
		{3F247BB6-8999-43EA-8136-E69032A206D3}.Release|Any CPU.Build.0 = Release|Any CPU
	EndGlobalSection
	GlobalSection(SolutionProperties) = preSolution
		HideSolutionNode = FALSE
	EndGlobalSection
	GlobalSection(ExtensibilityGlobals) = postSolution
		SolutionGuid = {95427548-17E5-400B-A4E7-E63C948A398C}
	EndGlobalSection
EndGlobal
